// !$*UTF8*$!
{
	archiveVersion = 1;
	classes = {
	};
	objectVersion = 56;
	objects = {

/* Begin PBXBuildFile section */
		3F98F0F92B874F700040F425 /* SwiftUIDemoApp.swift in Sources */ = {isa = PBXBuildFile; fileRef = 3F98F0F82B874F700040F425 /* SwiftUIDemoApp.swift */; };
		3F98F0FB2B874F700040F425 /* ContentView.swift in Sources */ = {isa = PBXBuildFile; fileRef = 3F98F0FA2B874F700040F425 /* ContentView.swift */; };
		3F98F0FD2B874F730040F425 /* Assets.xcassets in Resources */ = {isa = PBXBuildFile; fileRef = 3F98F0FC2B874F730040F425 /* Assets.xcassets */; };
		3F98F1002B874F730040F425 /* Preview Assets.xcassets in Resources */ = {isa = PBXBuildFile; fileRef = 3F98F0FF2B874F730040F425 /* Preview Assets.xcassets */; };
		3F98F10A2B874F740040F425 /* SwiftUIDemoTests.swift in Sources */ = {isa = PBXBuildFile; fileRef = 3F98F1092B874F740040F425 /* SwiftUIDemoTests.swift */; };
		3F98F1142B874F740040F425 /* SwiftUIDemoUITests.swift in Sources */ = {isa = PBXBuildFile; fileRef = 3F98F1132B874F740040F425 /* SwiftUIDemoUITests.swift */; };
		3F98F1162B874F740040F425 /* SwiftUIDemoUITestsLaunchTests.swift in Sources */ = {isa = PBXBuildFile; fileRef = 3F98F1152B874F740040F425 /* SwiftUIDemoUITestsLaunchTests.swift */; };
		3FA5324E2BA01ADC0066F28E /* StateBootCamp.swift in Sources */ = {isa = PBXBuildFile; fileRef = 3FA5324D2BA01ADC0066F28E /* StateBootCamp.swift */; };
		3FA532502BA01EDC0066F28E /* ExtractedFuctionBootCamp.swift in Sources */ = {isa = PBXBuildFile; fileRef = 3FA5324F2BA01EDC0066F28E /* ExtractedFuctionBootCamp.swift */; };
		3FA532522BA023760066F28E /* ExtractSubviewsBootCamp.swift in Sources */ = {isa = PBXBuildFile; fileRef = 3FA532512BA023760066F28E /* ExtractSubviewsBootCamp.swift */; };
		3FA532582BA16E970066F28E /* BindingBootCamp.swift in Sources */ = {isa = PBXBuildFile; fileRef = 3FA532572BA16E970066F28E /* BindingBootCamp.swift */; };
		3FA5325A2BA175FD0066F28E /* ConditionalBootCamp.swift in Sources */ = {isa = PBXBuildFile; fileRef = 3FA532592BA175FD0066F28E /* ConditionalBootCamp.swift */; };
		3FDCDC182B9CA4E600EE3A10 /* SpacerBootCamp.swift in Sources */ = {isa = PBXBuildFile; fileRef = 3FDCDC0D2B9CA4E500EE3A10 /* SpacerBootCamp.swift */; };
		3FDCDC192B9CA4E600EE3A10 /* FrameBootCamp.swift in Sources */ = {isa = PBXBuildFile; fileRef = 3FDCDC0E2B9CA4E500EE3A10 /* FrameBootCamp.swift */; };
		3FDCDC1A2B9CA4E600EE3A10 /* TextBootcamp.swift in Sources */ = {isa = PBXBuildFile; fileRef = 3FDCDC0F2B9CA4E500EE3A10 /* TextBootcamp.swift */; };
		3FDCDC1B2B9CA4E600EE3A10 /* ColorBootCamp.swift in Sources */ = {isa = PBXBuildFile; fileRef = 3FDCDC102B9CA4E500EE3A10 /* ColorBootCamp.swift */; };
		3FDCDC1C2B9CA4E600EE3A10 /* StacksBootcamp.swift in Sources */ = {isa = PBXBuildFile; fileRef = 3FDCDC112B9CA4E500EE3A10 /* StacksBootcamp.swift */; };
		3FDCDC1D2B9CA4E600EE3A10 /* ImageBootCamp.swift in Sources */ = {isa = PBXBuildFile; fileRef = 3FDCDC122B9CA4E500EE3A10 /* ImageBootCamp.swift */; };
		3FDCDC1E2B9CA4E600EE3A10 /* GradientsBootCamp.swift in Sources */ = {isa = PBXBuildFile; fileRef = 3FDCDC132B9CA4E500EE3A10 /* GradientsBootCamp.swift */; };
		3FDCDC1F2B9CA4E600EE3A10 /* BackgroundAndOverlayBootCamp.swift in Sources */ = {isa = PBXBuildFile; fileRef = 3FDCDC142B9CA4E500EE3A10 /* BackgroundAndOverlayBootCamp.swift */; };
		3FDCDC202B9CA4E600EE3A10 /* PaddingAndSpacerBootCamp.swift in Sources */ = {isa = PBXBuildFile; fileRef = 3FDCDC152B9CA4E500EE3A10 /* PaddingAndSpacerBootCamp.swift */; };
		3FDCDC212B9CA4E600EE3A10 /* ShapesBootCamp.swift in Sources */ = {isa = PBXBuildFile; fileRef = 3FDCDC162B9CA4E600EE3A10 /* ShapesBootCamp.swift */; };
		3FDCDC222B9CA4E600EE3A10 /* IconsBootCamp.swift in Sources */ = {isa = PBXBuildFile; fileRef = 3FDCDC172B9CA4E600EE3A10 /* IconsBootCamp.swift */; };
		3FDCDC242B9D2EDA00EE3A10 /* InitializerBootCamp.swift in Sources */ = {isa = PBXBuildFile; fileRef = 3FDCDC232B9D2EDA00EE3A10 /* InitializerBootCamp.swift */; };
		3FDCDC262B9D328C00EE3A10 /* ForeachBootCamp.swift in Sources */ = {isa = PBXBuildFile; fileRef = 3FDCDC252B9D328C00EE3A10 /* ForeachBootCamp.swift */; };
		3FDCDC282B9D43C200EE3A10 /* ScrollViewBootCamp.swift in Sources */ = {isa = PBXBuildFile; fileRef = 3FDCDC272B9D43C200EE3A10 /* ScrollViewBootCamp.swift */; };
		3FDCDC2A2B9D8B8C00EE3A10 /* GridBootCamp.swift in Sources */ = {isa = PBXBuildFile; fileRef = 3FDCDC292B9D8B8C00EE3A10 /* GridBootCamp.swift */; };
		3FDCDC2C2B9DE2A400EE3A10 /* SafeAreaBootCamp.swift in Sources */ = {isa = PBXBuildFile; fileRef = 3FDCDC2B2B9DE2A400EE3A10 /* SafeAreaBootCamp.swift */; };
		3FDCDC2E2B9ED25A00EE3A10 /* ButtonBootCamp.swift in Sources */ = {isa = PBXBuildFile; fileRef = 3FDCDC2D2B9ED25A00EE3A10 /* ButtonBootCamp.swift */; };
/* End PBXBuildFile section */

/* Begin PBXContainerItemProxy section */
		3F98F1062B874F740040F425 /* PBXContainerItemProxy */ = {
			isa = PBXContainerItemProxy;
			containerPortal = 3F98F0ED2B874F700040F425 /* Project object */;
			proxyType = 1;
			remoteGlobalIDString = 3F98F0F42B874F700040F425;
			remoteInfo = SwiftUIDemo;
		};
		3F98F1102B874F740040F425 /* PBXContainerItemProxy */ = {
			isa = PBXContainerItemProxy;
			containerPortal = 3F98F0ED2B874F700040F425 /* Project object */;
			proxyType = 1;
			remoteGlobalIDString = 3F98F0F42B874F700040F425;
			remoteInfo = SwiftUIDemo;
		};
/* End PBXContainerItemProxy section */

/* Begin PBXFileReference section */
		3F98F0F52B874F700040F425 /* SwiftUIDemo.app */ = {isa = PBXFileReference; explicitFileType = wrapper.application; includeInIndex = 0; path = SwiftUIDemo.app; sourceTree = BUILT_PRODUCTS_DIR; };
		3F98F0F82B874F700040F425 /* SwiftUIDemoApp.swift */ = {isa = PBXFileReference; lastKnownFileType = sourcecode.swift; path = SwiftUIDemoApp.swift; sourceTree = "<group>"; };
		3F98F0FA2B874F700040F425 /* ContentView.swift */ = {isa = PBXFileReference; lastKnownFileType = sourcecode.swift; path = ContentView.swift; sourceTree = "<group>"; };
		3F98F0FC2B874F730040F425 /* Assets.xcassets */ = {isa = PBXFileReference; lastKnownFileType = folder.assetcatalog; path = Assets.xcassets; sourceTree = "<group>"; };
		3F98F0FF2B874F730040F425 /* Preview Assets.xcassets */ = {isa = PBXFileReference; lastKnownFileType = folder.assetcatalog; path = "Preview Assets.xcassets"; sourceTree = "<group>"; };
		3F98F1052B874F740040F425 /* SwiftUIDemoTests.xctest */ = {isa = PBXFileReference; explicitFileType = wrapper.cfbundle; includeInIndex = 0; path = SwiftUIDemoTests.xctest; sourceTree = BUILT_PRODUCTS_DIR; };
		3F98F1092B874F740040F425 /* SwiftUIDemoTests.swift */ = {isa = PBXFileReference; lastKnownFileType = sourcecode.swift; path = SwiftUIDemoTests.swift; sourceTree = "<group>"; };
		3F98F10F2B874F740040F425 /* SwiftUIDemoUITests.xctest */ = {isa = PBXFileReference; explicitFileType = wrapper.cfbundle; includeInIndex = 0; path = SwiftUIDemoUITests.xctest; sourceTree = BUILT_PRODUCTS_DIR; };
		3F98F1132B874F740040F425 /* SwiftUIDemoUITests.swift */ = {isa = PBXFileReference; lastKnownFileType = sourcecode.swift; path = SwiftUIDemoUITests.swift; sourceTree = "<group>"; };
		3F98F1152B874F740040F425 /* SwiftUIDemoUITestsLaunchTests.swift */ = {isa = PBXFileReference; lastKnownFileType = sourcecode.swift; path = SwiftUIDemoUITestsLaunchTests.swift; sourceTree = "<group>"; };
		3FA5324D2BA01ADC0066F28E /* StateBootCamp.swift */ = {isa = PBXFileReference; lastKnownFileType = sourcecode.swift; path = StateBootCamp.swift; sourceTree = "<group>"; };
		3FA5324F2BA01EDC0066F28E /* ExtractedFuctionBootCamp.swift */ = {isa = PBXFileReference; lastKnownFileType = sourcecode.swift; path = ExtractedFuctionBootCamp.swift; sourceTree = "<group>"; };
		3FA532512BA023760066F28E /* ExtractSubviewsBootCamp.swift */ = {isa = PBXFileReference; lastKnownFileType = sourcecode.swift; path = ExtractSubviewsBootCamp.swift; sourceTree = "<group>"; };
		3FA532572BA16E970066F28E /* BindingBootCamp.swift */ = {isa = PBXFileReference; lastKnownFileType = sourcecode.swift; path = BindingBootCamp.swift; sourceTree = "<group>"; };
		3FA532592BA175FD0066F28E /* ConditionalBootCamp.swift */ = {isa = PBXFileReference; lastKnownFileType = sourcecode.swift; path = ConditionalBootCamp.swift; sourceTree = "<group>"; };
		3FDCDC0D2B9CA4E500EE3A10 /* SpacerBootCamp.swift */ = {isa = PBXFileReference; fileEncoding = 4; lastKnownFileType = sourcecode.swift; path = SpacerBootCamp.swift; sourceTree = "<group>"; };
		3FDCDC0E2B9CA4E500EE3A10 /* FrameBootCamp.swift */ = {isa = PBXFileReference; fileEncoding = 4; lastKnownFileType = sourcecode.swift; path = FrameBootCamp.swift; sourceTree = "<group>"; };
		3FDCDC0F2B9CA4E500EE3A10 /* TextBootcamp.swift */ = {isa = PBXFileReference; fileEncoding = 4; lastKnownFileType = sourcecode.swift; path = TextBootcamp.swift; sourceTree = "<group>"; };
		3FDCDC102B9CA4E500EE3A10 /* ColorBootCamp.swift */ = {isa = PBXFileReference; fileEncoding = 4; lastKnownFileType = sourcecode.swift; path = ColorBootCamp.swift; sourceTree = "<group>"; };
		3FDCDC112B9CA4E500EE3A10 /* StacksBootcamp.swift */ = {isa = PBXFileReference; fileEncoding = 4; lastKnownFileType = sourcecode.swift; path = StacksBootcamp.swift; sourceTree = "<group>"; };
		3FDCDC122B9CA4E500EE3A10 /* ImageBootCamp.swift */ = {isa = PBXFileReference; fileEncoding = 4; lastKnownFileType = sourcecode.swift; path = ImageBootCamp.swift; sourceTree = "<group>"; };
		3FDCDC132B9CA4E500EE3A10 /* GradientsBootCamp.swift */ = {isa = PBXFileReference; fileEncoding = 4; lastKnownFileType = sourcecode.swift; path = GradientsBootCamp.swift; sourceTree = "<group>"; };
		3FDCDC142B9CA4E500EE3A10 /* BackgroundAndOverlayBootCamp.swift */ = {isa = PBXFileReference; fileEncoding = 4; lastKnownFileType = sourcecode.swift; path = BackgroundAndOverlayBootCamp.swift; sourceTree = "<group>"; };
		3FDCDC152B9CA4E500EE3A10 /* PaddingAndSpacerBootCamp.swift */ = {isa = PBXFileReference; fileEncoding = 4; lastKnownFileType = sourcecode.swift; path = PaddingAndSpacerBootCamp.swift; sourceTree = "<group>"; };
		3FDCDC162B9CA4E600EE3A10 /* ShapesBootCamp.swift */ = {isa = PBXFileReference; fileEncoding = 4; lastKnownFileType = sourcecode.swift; path = ShapesBootCamp.swift; sourceTree = "<group>"; };
		3FDCDC172B9CA4E600EE3A10 /* IconsBootCamp.swift */ = {isa = PBXFileReference; fileEncoding = 4; lastKnownFileType = sourcecode.swift; path = IconsBootCamp.swift; sourceTree = "<group>"; };
		3FDCDC232B9D2EDA00EE3A10 /* InitializerBootCamp.swift */ = {isa = PBXFileReference; lastKnownFileType = sourcecode.swift; path = InitializerBootCamp.swift; sourceTree = "<group>"; };
		3FDCDC252B9D328C00EE3A10 /* ForeachBootCamp.swift */ = {isa = PBXFileReference; lastKnownFileType = sourcecode.swift; path = ForeachBootCamp.swift; sourceTree = "<group>"; };
		3FDCDC272B9D43C200EE3A10 /* ScrollViewBootCamp.swift */ = {isa = PBXFileReference; lastKnownFileType = sourcecode.swift; path = ScrollViewBootCamp.swift; sourceTree = "<group>"; };
		3FDCDC292B9D8B8C00EE3A10 /* GridBootCamp.swift */ = {isa = PBXFileReference; lastKnownFileType = sourcecode.swift; path = GridBootCamp.swift; sourceTree = "<group>"; };
		3FDCDC2B2B9DE2A400EE3A10 /* SafeAreaBootCamp.swift */ = {isa = PBXFileReference; lastKnownFileType = sourcecode.swift; path = SafeAreaBootCamp.swift; sourceTree = "<group>"; };
		3FDCDC2D2B9ED25A00EE3A10 /* ButtonBootCamp.swift */ = {isa = PBXFileReference; lastKnownFileType = sourcecode.swift; path = ButtonBootCamp.swift; sourceTree = "<group>"; };
/* End PBXFileReference section */

/* Begin PBXFrameworksBuildPhase section */
		3F98F0F22B874F700040F425 /* Frameworks */ = {
			isa = PBXFrameworksBuildPhase;
			buildActionMask = 2147483647;
			files = (
			);
			runOnlyForDeploymentPostprocessing = 0;
		};
		3F98F1022B874F740040F425 /* Frameworks */ = {
			isa = PBXFrameworksBuildPhase;
			buildActionMask = 2147483647;
			files = (
			);
			runOnlyForDeploymentPostprocessing = 0;
		};
		3F98F10C2B874F740040F425 /* Frameworks */ = {
			isa = PBXFrameworksBuildPhase;
			buildActionMask = 2147483647;
			files = (
			);
			runOnlyForDeploymentPostprocessing = 0;
		};
/* End PBXFrameworksBuildPhase section */

/* Begin PBXGroup section */
		3F98F0EC2B874F700040F425 = {
			isa = PBXGroup;
			children = (
				3F98F0F72B874F700040F425 /* SwiftUIDemo */,
				3F98F1082B874F740040F425 /* SwiftUIDemoTests */,
				3F98F1122B874F740040F425 /* SwiftUIDemoUITests */,
				3F98F0F62B874F700040F425 /* Products */,
			);
			sourceTree = "<group>";
		};
		3F98F0F62B874F700040F425 /* Products */ = {
			isa = PBXGroup;
			children = (
				3F98F0F52B874F700040F425 /* SwiftUIDemo.app */,
				3F98F1052B874F740040F425 /* SwiftUIDemoTests.xctest */,
				3F98F10F2B874F740040F425 /* SwiftUIDemoUITests.xctest */,
			);
			name = Products;
			sourceTree = "<group>";
		};
		3F98F0F72B874F700040F425 /* SwiftUIDemo */ = {
			isa = PBXGroup;
			children = (
				3F98F0F82B874F700040F425 /* SwiftUIDemoApp.swift */,
				3FDCDC142B9CA4E500EE3A10 /* BackgroundAndOverlayBootCamp.swift */,
				3FDCDC0F2B9CA4E500EE3A10 /* TextBootcamp.swift */,
				3FDCDC102B9CA4E500EE3A10 /* ColorBootCamp.swift */,
				3FDCDC0E2B9CA4E500EE3A10 /* FrameBootCamp.swift */,
				3FDCDC132B9CA4E500EE3A10 /* GradientsBootCamp.swift */,
				3FDCDC172B9CA4E600EE3A10 /* IconsBootCamp.swift */,
				3FDCDC122B9CA4E500EE3A10 /* ImageBootCamp.swift */,
				3FDCDC152B9CA4E500EE3A10 /* PaddingAndSpacerBootCamp.swift */,
				3FDCDC162B9CA4E600EE3A10 /* ShapesBootCamp.swift */,
				3FDCDC112B9CA4E500EE3A10 /* StacksBootcamp.swift */,
				3FDCDC0D2B9CA4E500EE3A10 /* SpacerBootCamp.swift */,
				3FDCDC232B9D2EDA00EE3A10 /* InitializerBootCamp.swift */,
				3FDCDC252B9D328C00EE3A10 /* ForeachBootCamp.swift */,
				3FDCDC272B9D43C200EE3A10 /* ScrollViewBootCamp.swift */,
				3FDCDC292B9D8B8C00EE3A10 /* GridBootCamp.swift */,
				3FDCDC2B2B9DE2A400EE3A10 /* SafeAreaBootCamp.swift */,
				3FDCDC2D2B9ED25A00EE3A10 /* ButtonBootCamp.swift */,
				3FA5324D2BA01ADC0066F28E /* StateBootCamp.swift */,
				3FA5324F2BA01EDC0066F28E /* ExtractedFuctionBootCamp.swift */,
				3FA532512BA023760066F28E /* ExtractSubviewsBootCamp.swift */,
				3FA532572BA16E970066F28E /* BindingBootCamp.swift */,
				3FA532592BA175FD0066F28E /* ConditionalBootCamp.swift */,
				3F98F0FA2B874F700040F425 /* ContentView.swift */,
				3F98F0FC2B874F730040F425 /* Assets.xcassets */,
				3F98F0FE2B874F730040F425 /* Preview Content */,
			);
			path = SwiftUIDemo;
			sourceTree = "<group>";
		};
		3F98F0FE2B874F730040F425 /* Preview Content */ = {
			isa = PBXGroup;
			children = (
				3F98F0FF2B874F730040F425 /* Preview Assets.xcassets */,
			);
			path = "Preview Content";
			sourceTree = "<group>";
		};
		3F98F1082B874F740040F425 /* SwiftUIDemoTests */ = {
			isa = PBXGroup;
			children = (
				3F98F1092B874F740040F425 /* SwiftUIDemoTests.swift */,
			);
			path = SwiftUIDemoTests;
			sourceTree = "<group>";
		};
		3F98F1122B874F740040F425 /* SwiftUIDemoUITests */ = {
			isa = PBXGroup;
			children = (
				3F98F1132B874F740040F425 /* SwiftUIDemoUITests.swift */,
				3F98F1152B874F740040F425 /* SwiftUIDemoUITestsLaunchTests.swift */,
			);
			path = SwiftUIDemoUITests;
			sourceTree = "<group>";
		};
/* End PBXGroup section */

/* Begin PBXNativeTarget section */
		3F98F0F42B874F700040F425 /* SwiftUIDemo */ = {
			isa = PBXNativeTarget;
			buildConfigurationList = 3F98F1192B874F740040F425 /* Build configuration list for PBXNativeTarget "SwiftUIDemo" */;
			buildPhases = (
				3F98F0F12B874F700040F425 /* Sources */,
				3F98F0F22B874F700040F425 /* Frameworks */,
				3F98F0F32B874F700040F425 /* Resources */,
			);
			buildRules = (
			);
			dependencies = (
			);
			name = SwiftUIDemo;
			productName = SwiftUIDemo;
			productReference = 3F98F0F52B874F700040F425 /* SwiftUIDemo.app */;
			productType = "com.apple.product-type.application";
		};
		3F98F1042B874F740040F425 /* SwiftUIDemoTests */ = {
			isa = PBXNativeTarget;
			buildConfigurationList = 3F98F11C2B874F740040F425 /* Build configuration list for PBXNativeTarget "SwiftUIDemoTests" */;
			buildPhases = (
				3F98F1012B874F740040F425 /* Sources */,
				3F98F1022B874F740040F425 /* Frameworks */,
				3F98F1032B874F740040F425 /* Resources */,
			);
			buildRules = (
			);
			dependencies = (
				3F98F1072B874F740040F425 /* PBXTargetDependency */,
			);
			name = SwiftUIDemoTests;
			productName = SwiftUIDemoTests;
			productReference = 3F98F1052B874F740040F425 /* SwiftUIDemoTests.xctest */;
			productType = "com.apple.product-type.bundle.unit-test";
		};
		3F98F10E2B874F740040F425 /* SwiftUIDemoUITests */ = {
			isa = PBXNativeTarget;
			buildConfigurationList = 3F98F11F2B874F740040F425 /* Build configuration list for PBXNativeTarget "SwiftUIDemoUITests" */;
			buildPhases = (
				3F98F10B2B874F740040F425 /* Sources */,
				3F98F10C2B874F740040F425 /* Frameworks */,
				3F98F10D2B874F740040F425 /* Resources */,
			);
			buildRules = (
			);
			dependencies = (
				3F98F1112B874F740040F425 /* PBXTargetDependency */,
			);
			name = SwiftUIDemoUITests;
			productName = SwiftUIDemoUITests;
			productReference = 3F98F10F2B874F740040F425 /* SwiftUIDemoUITests.xctest */;
			productType = "com.apple.product-type.bundle.ui-testing";
		};
/* End PBXNativeTarget section */

/* Begin PBXProject section */
		3F98F0ED2B874F700040F425 /* Project object */ = {
			isa = PBXProject;
			attributes = {
				BuildIndependentTargetsInParallel = 1;
				LastSwiftUpdateCheck = 1430;
				LastUpgradeCheck = 1430;
				TargetAttributes = {
					3F98F0F42B874F700040F425 = {
						CreatedOnToolsVersion = 14.3.1;
					};
					3F98F1042B874F740040F425 = {
						CreatedOnToolsVersion = 14.3.1;
						TestTargetID = 3F98F0F42B874F700040F425;
					};
					3F98F10E2B874F740040F425 = {
						CreatedOnToolsVersion = 14.3.1;
						TestTargetID = 3F98F0F42B874F700040F425;
					};
				};
			};
			buildConfigurationList = 3F98F0F02B874F700040F425 /* Build configuration list for PBXProject "SwiftUIDemo" */;
			compatibilityVersion = "Xcode 14.0";
			developmentRegion = en;
			hasScannedForEncodings = 0;
			knownRegions = (
				en,
				Base,
			);
			mainGroup = 3F98F0EC2B874F700040F425;
			productRefGroup = 3F98F0F62B874F700040F425 /* Products */;
			projectDirPath = "";
			projectRoot = "";
			targets = (
				3F98F0F42B874F700040F425 /* SwiftUIDemo */,
				3F98F1042B874F740040F425 /* SwiftUIDemoTests */,
				3F98F10E2B874F740040F425 /* SwiftUIDemoUITests */,
			);
		};
/* End PBXProject section */

/* Begin PBXResourcesBuildPhase section */
		3F98F0F32B874F700040F425 /* Resources */ = {
			isa = PBXResourcesBuildPhase;
			buildActionMask = 2147483647;
			files = (
				3F98F1002B874F730040F425 /* Preview Assets.xcassets in Resources */,
				3F98F0FD2B874F730040F425 /* Assets.xcassets in Resources */,
			);
			runOnlyForDeploymentPostprocessing = 0;
		};
		3F98F1032B874F740040F425 /* Resources */ = {
			isa = PBXResourcesBuildPhase;
			buildActionMask = 2147483647;
			files = (
			);
			runOnlyForDeploymentPostprocessing = 0;
		};
		3F98F10D2B874F740040F425 /* Resources */ = {
			isa = PBXResourcesBuildPhase;
			buildActionMask = 2147483647;
			files = (
			);
			runOnlyForDeploymentPostprocessing = 0;
		};
/* End PBXResourcesBuildPhase section */

/* Begin PBXSourcesBuildPhase section */
		3F98F0F12B874F700040F425 /* Sources */ = {
			isa = PBXSourcesBuildPhase;
			buildActionMask = 2147483647;
			files = (
				3FDCDC212B9CA4E600EE3A10 /* ShapesBootCamp.swift in Sources */,
				3FDCDC1C2B9CA4E600EE3A10 /* StacksBootcamp.swift in Sources */,
				3FDCDC282B9D43C200EE3A10 /* ScrollViewBootCamp.swift in Sources */,
				3FDCDC1A2B9CA4E600EE3A10 /* TextBootcamp.swift in Sources */,
				3F98F0FB2B874F700040F425 /* ContentView.swift in Sources */,
				3FDCDC1F2B9CA4E600EE3A10 /* BackgroundAndOverlayBootCamp.swift in Sources */,
				3FDCDC202B9CA4E600EE3A10 /* PaddingAndSpacerBootCamp.swift in Sources */,
				3FA532582BA16E970066F28E /* BindingBootCamp.swift in Sources */,
				3FA532502BA01EDC0066F28E /* ExtractedFuctionBootCamp.swift in Sources */,
				3FDCDC222B9CA4E600EE3A10 /* IconsBootCamp.swift in Sources */,
				3FDCDC2C2B9DE2A400EE3A10 /* SafeAreaBootCamp.swift in Sources */,
				3F98F0F92B874F700040F425 /* SwiftUIDemoApp.swift in Sources */,
				3FDCDC2A2B9D8B8C00EE3A10 /* GridBootCamp.swift in Sources */,
				3FA5325A2BA175FD0066F28E /* ConditionalBootCamp.swift in Sources */,
				3FDCDC1E2B9CA4E600EE3A10 /* GradientsBootCamp.swift in Sources */,
				3FA5324E2BA01ADC0066F28E /* StateBootCamp.swift in Sources */,
				3FDCDC242B9D2EDA00EE3A10 /* InitializerBootCamp.swift in Sources */,
				3FDCDC192B9CA4E600EE3A10 /* FrameBootCamp.swift in Sources */,
				3FDCDC2E2B9ED25A00EE3A10 /* ButtonBootCamp.swift in Sources */,
				3FDCDC1B2B9CA4E600EE3A10 /* ColorBootCamp.swift in Sources */,
				3FDCDC1D2B9CA4E600EE3A10 /* ImageBootCamp.swift in Sources */,
				3FDCDC262B9D328C00EE3A10 /* ForeachBootCamp.swift in Sources */,
				3FA532522BA023760066F28E /* ExtractSubviewsBootCamp.swift in Sources */,
				3FDCDC182B9CA4E600EE3A10 /* SpacerBootCamp.swift in Sources */,
			);
			runOnlyForDeploymentPostprocessing = 0;
		};
		3F98F1012B874F740040F425 /* Sources */ = {
			isa = PBXSourcesBuildPhase;
			buildActionMask = 2147483647;
			files = (
				3F98F10A2B874F740040F425 /* SwiftUIDemoTests.swift in Sources */,
			);
			runOnlyForDeploymentPostprocessing = 0;
		};
		3F98F10B2B874F740040F425 /* Sources */ = {
			isa = PBXSourcesBuildPhase;
			buildActionMask = 2147483647;
			files = (
				3F98F1142B874F740040F425 /* SwiftUIDemoUITests.swift in Sources */,
				3F98F1162B874F740040F425 /* SwiftUIDemoUITestsLaunchTests.swift in Sources */,
			);
			runOnlyForDeploymentPostprocessing = 0;
		};
/* End PBXSourcesBuildPhase section */

/* Begin PBXTargetDependency section */
		3F98F1072B874F740040F425 /* PBXTargetDependency */ = {
			isa = PBXTargetDependency;
			target = 3F98F0F42B874F700040F425 /* SwiftUIDemo */;
			targetProxy = 3F98F1062B874F740040F425 /* PBXContainerItemProxy */;
		};
		3F98F1112B874F740040F425 /* PBXTargetDependency */ = {
			isa = PBXTargetDependency;
			target = 3F98F0F42B874F700040F425 /* SwiftUIDemo */;
			targetProxy = 3F98F1102B874F740040F425 /* PBXContainerItemProxy */;
		};
/* End PBXTargetDependency section */

/* Begin XCBuildConfiguration section */
		3F98F1172B874F740040F425 /* Debug */ = {
			isa = XCBuildConfiguration;
			buildSettings = {
				ALWAYS_SEARCH_USER_PATHS = NO;
				CLANG_ANALYZER_NONNULL = YES;
				CLANG_ANALYZER_NUMBER_OBJECT_CONVERSION = YES_AGGRESSIVE;
				CLANG_CXX_LANGUAGE_STANDARD = "gnu++20";
				CLANG_ENABLE_MODULES = YES;
				CLANG_ENABLE_OBJC_ARC = YES;
				CLANG_ENABLE_OBJC_WEAK = YES;
				CLANG_WARN_BLOCK_CAPTURE_AUTORELEASING = YES;
				CLANG_WARN_BOOL_CONVERSION = YES;
				CLANG_WARN_COMMA = YES;
				CLANG_WARN_CONSTANT_CONVERSION = YES;
				CLANG_WARN_DEPRECATED_OBJC_IMPLEMENTATIONS = YES;
				CLANG_WARN_DIRECT_OBJC_ISA_USAGE = YES_ERROR;
				CLANG_WARN_DOCUMENTATION_COMMENTS = YES;
				CLANG_WARN_EMPTY_BODY = YES;
				CLANG_WARN_ENUM_CONVERSION = YES;
				CLANG_WARN_INFINITE_RECURSION = YES;
				CLANG_WARN_INT_CONVERSION = YES;
				CLANG_WARN_NON_LITERAL_NULL_CONVERSION = YES;
				CLANG_WARN_OBJC_IMPLICIT_RETAIN_SELF = YES;
				CLANG_WARN_OBJC_LITERAL_CONVERSION = YES;
				CLANG_WARN_OBJC_ROOT_CLASS = YES_ERROR;
				CLANG_WARN_QUOTED_INCLUDE_IN_FRAMEWORK_HEADER = YES;
				CLANG_WARN_RANGE_LOOP_ANALYSIS = YES;
				CLANG_WARN_STRICT_PROTOTYPES = YES;
				CLANG_WARN_SUSPICIOUS_MOVE = YES;
				CLANG_WARN_UNGUARDED_AVAILABILITY = YES_AGGRESSIVE;
				CLANG_WARN_UNREACHABLE_CODE = YES;
				CLANG_WARN__DUPLICATE_METHOD_MATCH = YES;
				COPY_PHASE_STRIP = NO;
				DEBUG_INFORMATION_FORMAT = dwarf;
				ENABLE_STRICT_OBJC_MSGSEND = YES;
				ENABLE_TESTABILITY = YES;
				GCC_C_LANGUAGE_STANDARD = gnu11;
				GCC_DYNAMIC_NO_PIC = NO;
				GCC_NO_COMMON_BLOCKS = YES;
				GCC_OPTIMIZATION_LEVEL = 0;
				GCC_PREPROCESSOR_DEFINITIONS = (
					"DEBUG=1",
					"$(inherited)",
				);
				GCC_WARN_64_TO_32_BIT_CONVERSION = YES;
				GCC_WARN_ABOUT_RETURN_TYPE = YES_ERROR;
				GCC_WARN_UNDECLARED_SELECTOR = YES;
				GCC_WARN_UNINITIALIZED_AUTOS = YES_AGGRESSIVE;
				GCC_WARN_UNUSED_FUNCTION = YES;
				GCC_WARN_UNUSED_VARIABLE = YES;
				IPHONEOS_DEPLOYMENT_TARGET = 16.4;
				MTL_ENABLE_DEBUG_INFO = INCLUDE_SOURCE;
				MTL_FAST_MATH = YES;
				ONLY_ACTIVE_ARCH = YES;
				SDKROOT = iphoneos;
				SWIFT_ACTIVE_COMPILATION_CONDITIONS = DEBUG;
				SWIFT_OPTIMIZATION_LEVEL = "-Onone";
			};
			name = Debug;
		};
		3F98F1182B874F740040F425 /* Release */ = {
			isa = XCBuildConfiguration;
			buildSettings = {
				ALWAYS_SEARCH_USER_PATHS = NO;
				CLANG_ANALYZER_NONNULL = YES;
				CLANG_ANALYZER_NUMBER_OBJECT_CONVERSION = YES_AGGRESSIVE;
				CLANG_CXX_LANGUAGE_STANDARD = "gnu++20";
				CLANG_ENABLE_MODULES = YES;
				CLANG_ENABLE_OBJC_ARC = YES;
				CLANG_ENABLE_OBJC_WEAK = YES;
				CLANG_WARN_BLOCK_CAPTURE_AUTORELEASING = YES;
				CLANG_WARN_BOOL_CONVERSION = YES;
				CLANG_WARN_COMMA = YES;
				CLANG_WARN_CONSTANT_CONVERSION = YES;
				CLANG_WARN_DEPRECATED_OBJC_IMPLEMENTATIONS = YES;
				CLANG_WARN_DIRECT_OBJC_ISA_USAGE = YES_ERROR;
				CLANG_WARN_DOCUMENTATION_COMMENTS = YES;
				CLANG_WARN_EMPTY_BODY = YES;
				CLANG_WARN_ENUM_CONVERSION = YES;
				CLANG_WARN_INFINITE_RECURSION = YES;
				CLANG_WARN_INT_CONVERSION = YES;
				CLANG_WARN_NON_LITERAL_NULL_CONVERSION = YES;
				CLANG_WARN_OBJC_IMPLICIT_RETAIN_SELF = YES;
				CLANG_WARN_OBJC_LITERAL_CONVERSION = YES;
				CLANG_WARN_OBJC_ROOT_CLASS = YES_ERROR;
				CLANG_WARN_QUOTED_INCLUDE_IN_FRAMEWORK_HEADER = YES;
				CLANG_WARN_RANGE_LOOP_ANALYSIS = YES;
				CLANG_WARN_STRICT_PROTOTYPES = YES;
				CLANG_WARN_SUSPICIOUS_MOVE = YES;
				CLANG_WARN_UNGUARDED_AVAILABILITY = YES_AGGRESSIVE;
				CLANG_WARN_UNREACHABLE_CODE = YES;
				CLANG_WARN__DUPLICATE_METHOD_MATCH = YES;
				COPY_PHASE_STRIP = NO;
				DEBUG_INFORMATION_FORMAT = "dwarf-with-dsym";
				ENABLE_NS_ASSERTIONS = NO;
				ENABLE_STRICT_OBJC_MSGSEND = YES;
				GCC_C_LANGUAGE_STANDARD = gnu11;
				GCC_NO_COMMON_BLOCKS = YES;
				GCC_WARN_64_TO_32_BIT_CONVERSION = YES;
				GCC_WARN_ABOUT_RETURN_TYPE = YES_ERROR;
				GCC_WARN_UNDECLARED_SELECTOR = YES;
				GCC_WARN_UNINITIALIZED_AUTOS = YES_AGGRESSIVE;
				GCC_WARN_UNUSED_FUNCTION = YES;
				GCC_WARN_UNUSED_VARIABLE = YES;
				IPHONEOS_DEPLOYMENT_TARGET = 16.4;
				MTL_ENABLE_DEBUG_INFO = NO;
				MTL_FAST_MATH = YES;
				SDKROOT = iphoneos;
				SWIFT_COMPILATION_MODE = wholemodule;
				SWIFT_OPTIMIZATION_LEVEL = "-O";
				VALIDATE_PRODUCT = YES;
			};
			name = Release;
		};
		3F98F11A2B874F740040F425 /* Debug */ = {
			isa = XCBuildConfiguration;
			buildSettings = {
				ASSETCATALOG_COMPILER_APPICON_NAME = AppIcon;
				ASSETCATALOG_COMPILER_GLOBAL_ACCENT_COLOR_NAME = AccentColor;
				CODE_SIGN_STYLE = Automatic;
				CURRENT_PROJECT_VERSION = 1;
				DEVELOPMENT_ASSET_PATHS = "\"SwiftUIDemo/Preview Content\"";
				DEVELOPMENT_TEAM = RVAJCTJJZC;
				ENABLE_PREVIEWS = YES;
				GENERATE_INFOPLIST_FILE = YES;
				INFOPLIST_KEY_UIApplicationSceneManifest_Generation = YES;
				INFOPLIST_KEY_UIApplicationSupportsIndirectInputEvents = YES;
				INFOPLIST_KEY_UILaunchScreen_Generation = YES;
				INFOPLIST_KEY_UISupportedInterfaceOrientations_iPad = "UIInterfaceOrientationPortrait UIInterfaceOrientationPortraitUpsideDown UIInterfaceOrientationLandscapeLeft UIInterfaceOrientationLandscapeRight";
				INFOPLIST_KEY_UISupportedInterfaceOrientations_iPhone = "UIInterfaceOrientationPortrait UIInterfaceOrientationLandscapeLeft UIInterfaceOrientationLandscapeRight";
				LD_RUNPATH_SEARCH_PATHS = (
					"$(inherited)",
					"@executable_path/Frameworks",
				);
				MARKETING_VERSION = 1.0;
				PRODUCT_BUNDLE_IDENTIFIER = test.demo.SwiftUIDemo;
				PRODUCT_NAME = "$(TARGET_NAME)";
				SWIFT_EMIT_LOC_STRINGS = YES;
				SWIFT_VERSION = 5.0;
				TARGETED_DEVICE_FAMILY = "1,2";
			};
			name = Debug;
		};
		3F98F11B2B874F740040F425 /* Release */ = {
			isa = XCBuildConfiguration;
			buildSettings = {
				ASSETCATALOG_COMPILER_APPICON_NAME = AppIcon;
				ASSETCATALOG_COMPILER_GLOBAL_ACCENT_COLOR_NAME = AccentColor;
				CODE_SIGN_STYLE = Automatic;
				CURRENT_PROJECT_VERSION = 1;
				DEVELOPMENT_ASSET_PATHS = "\"SwiftUIDemo/Preview Content\"";
				DEVELOPMENT_TEAM = RVAJCTJJZC;
				ENABLE_PREVIEWS = YES;
				GENERATE_INFOPLIST_FILE = YES;
				INFOPLIST_KEY_UIApplicationSceneManifest_Generation = YES;
				INFOPLIST_KEY_UIApplicationSupportsIndirectInputEvents = YES;
				INFOPLIST_KEY_UILaunchScreen_Generation = YES;
				INFOPLIST_KEY_UISupportedInterfaceOrientations_iPad = "UIInterfaceOrientationPortrait UIInterfaceOrientationPortraitUpsideDown UIInterfaceOrientationLandscapeLeft UIInterfaceOrientationLandscapeRight";
				INFOPLIST_KEY_UISupportedInterfaceOrientations_iPhone = "UIInterfaceOrientationPortrait UIInterfaceOrientationLandscapeLeft UIInterfaceOrientationLandscapeRight";
				LD_RUNPATH_SEARCH_PATHS = (
					"$(inherited)",
					"@executable_path/Frameworks",
				);
				MARKETING_VERSION = 1.0;
				PRODUCT_BUNDLE_IDENTIFIER = test.demo.SwiftUIDemo;
				PRODUCT_NAME = "$(TARGET_NAME)";
				SWIFT_EMIT_LOC_STRINGS = YES;
				SWIFT_VERSION = 5.0;
				TARGETED_DEVICE_FAMILY = "1,2";
			};
			name = Release;
		};
		3F98F11D2B874F740040F425 /* Debug */ = {
			isa = XCBuildConfiguration;
			buildSettings = {
				ALWAYS_EMBED_SWIFT_STANDARD_LIBRARIES = YES;
				BUNDLE_LOADER = "$(TEST_HOST)";
				CODE_SIGN_STYLE = Automatic;
				CURRENT_PROJECT_VERSION = 1;
				DEVELOPMENT_TEAM = RVAJCTJJZC;
				GENERATE_INFOPLIST_FILE = YES;
				IPHONEOS_DEPLOYMENT_TARGET = 16.4;
				MARKETING_VERSION = 1.0;
				PRODUCT_BUNDLE_IDENTIFIER = test.demo.SwiftUIDemoTests;
				PRODUCT_NAME = "$(TARGET_NAME)";
				SWIFT_EMIT_LOC_STRINGS = NO;
				SWIFT_VERSION = 5.0;
				TARGETED_DEVICE_FAMILY = "1,2";
				TEST_HOST = "$(BUILT_PRODUCTS_DIR)/SwiftUIDemo.app/$(BUNDLE_EXECUTABLE_FOLDER_PATH)/SwiftUIDemo";
			};
			name = Debug;
		};
		3F98F11E2B874F740040F425 /* Release */ = {
			isa = XCBuildConfiguration;
			buildSettings = {
				ALWAYS_EMBED_SWIFT_STANDARD_LIBRARIES = YES;
				BUNDLE_LOADER = "$(TEST_HOST)";
				CODE_SIGN_STYLE = Automatic;
				CURRENT_PROJECT_VERSION = 1;
				DEVELOPMENT_TEAM = RVAJCTJJZC;
				GENERATE_INFOPLIST_FILE = YES;
				IPHONEOS_DEPLOYMENT_TARGET = 16.4;
				MARKETING_VERSION = 1.0;
				PRODUCT_BUNDLE_IDENTIFIER = test.demo.SwiftUIDemoTests;
				PRODUCT_NAME = "$(TARGET_NAME)";
				SWIFT_EMIT_LOC_STRINGS = NO;
				SWIFT_VERSION = 5.0;
				TARGETED_DEVICE_FAMILY = "1,2";
				TEST_HOST = "$(BUILT_PRODUCTS_DIR)/SwiftUIDemo.app/$(BUNDLE_EXECUTABLE_FOLDER_PATH)/SwiftUIDemo";
			};
			name = Release;
		};
		3F98F1202B874F740040F425 /* Debug */ = {
			isa = XCBuildConfiguration;
			buildSettings = {
				ALWAYS_EMBED_SWIFT_STANDARD_LIBRARIES = YES;
				CODE_SIGN_STYLE = Automatic;
				CURRENT_PROJECT_VERSION = 1;
				DEVELOPMENT_TEAM = RVAJCTJJZC;
				GENERATE_INFOPLIST_FILE = YES;
				MARKETING_VERSION = 1.0;
				PRODUCT_BUNDLE_IDENTIFIER = test.demo.SwiftUIDemoUITests;
				PRODUCT_NAME = "$(TARGET_NAME)";
				SWIFT_EMIT_LOC_STRINGS = NO;
				SWIFT_VERSION = 5.0;
				TARGETED_DEVICE_FAMILY = "1,2";
				TEST_TARGET_NAME = SwiftUIDemo;
			};
			name = Debug;
		};
		3F98F1212B874F740040F425 /* Release */ = {
			isa = XCBuildConfiguration;
			buildSettings = {
				ALWAYS_EMBED_SWIFT_STANDARD_LIBRARIES = YES;
				CODE_SIGN_STYLE = Automatic;
				CURRENT_PROJECT_VERSION = 1;
				DEVELOPMENT_TEAM = RVAJCTJJZC;
				GENERATE_INFOPLIST_FILE = YES;
				MARKETING_VERSION = 1.0;
				PRODUCT_BUNDLE_IDENTIFIER = test.demo.SwiftUIDemoUITests;
				PRODUCT_NAME = "$(TARGET_NAME)";
				SWIFT_EMIT_LOC_STRINGS = NO;
				SWIFT_VERSION = 5.0;
				TARGETED_DEVICE_FAMILY = "1,2";
				TEST_TARGET_NAME = SwiftUIDemo;
			};
			name = Release;
		};
/* End XCBuildConfiguration section */

/* Begin XCConfigurationList section */
		3F98F0F02B874F700040F425 /* Build configuration list for PBXProject "SwiftUIDemo" */ = {
			isa = XCConfigurationList;
			buildConfigurations = (
				3F98F1172B874F740040F425 /* Debug */,
				3F98F1182B874F740040F425 /* Release */,
			);
			defaultConfigurationIsVisible = 0;
			defaultConfigurationName = Release;
		};
		3F98F1192B874F740040F425 /* Build configuration list for PBXNativeTarget "SwiftUIDemo" */ = {
			isa = XCConfigurationList;
			buildConfigurations = (
				3F98F11A2B874F740040F425 /* Debug */,
				3F98F11B2B874F740040F425 /* Release */,
			);
			defaultConfigurationIsVisible = 0;
			defaultConfigurationName = Release;
		};
		3F98F11C2B874F740040F425 /* Build configuration list for PBXNativeTarget "SwiftUIDemoTests" */ = {
			isa = XCConfigurationList;
			buildConfigurations = (
				3F98F11D2B874F740040F425 /* Debug */,
				3F98F11E2B874F740040F425 /* Release */,
			);
			defaultConfigurationIsVisible = 0;
			defaultConfigurationName = Release;
		};
		3F98F11F2B874F740040F425 /* Build configuration list for PBXNativeTarget "SwiftUIDemoUITests" */ = {
			isa = XCConfigurationList;
			buildConfigurations = (
				3F98F1202B874F740040F425 /* Debug */,
				3F98F1212B874F740040F425 /* Release */,
			);
			defaultConfigurationIsVisible = 0;
			defaultConfigurationName = Release;
		};
/* End XCConfigurationList section */
	};
	rootObject = 3F98F0ED2B874F700040F425 /* Project object */;
}
